<?xml version="1.0" encoding="utf-8"?>
<Project ToolsVersion="Current" xmlns="http://schemas.microsoft.com/developer/msbuild/2003">
  <ItemGroup>
    <Filter Include="cpp">
      <UniqueIdentifier>{304d97f0-419a-4b60-bdc2-817f00066be3}</UniqueIdentifier>
    </Filter>
    <Filter Include="header">
      <UniqueIdentifier>{f8913284-fa55-41af-a61e-9548e28a0d4b}</UniqueIdentifier>
    </Filter>
  </ItemGroup>
  <ItemGroup>
    <ClCompile Include="winmain.cpp">
      <Filter>cpp</Filter>
    </ClCompile>
  </ItemGroup>
</Project>